
Microsoft Visual Studio Solution File, Format Version 12.00
# Visual Studio 2013
VisualStudioVersion = 12.0.21005.1
MinimumVisualStudioVersion = 10.0.40219.1
Project("{159641D6-6404-4A2A-AE62-294DE0FE8301}") = "EinsteinDataFeed", "EinsteinDataFeed\EinsteinDataFeed.dtproj", "{33E52AA4-B7DF-4F55-870E-28A907E41424}"
EndProject
Global
	GlobalSection(SolutionConfigurationPlatforms) = preSolution
		Development|Default = Development|Default
	EndGlobalSection
	GlobalSection(ProjectConfigurationPlatforms) = postSolution
		{33E52AA4-B7DF-4F55-870E-28A907E41424}.Development|Default.ActiveCfg = Development
		{33E52AA4-B7DF-4F55-870E-28A907E41424}.Development|Default.Build.0 = Development
	EndGlobalSection
	GlobalSection(SolutionProperties) = preSolution
		HideSolutionNode = FALSE
	EndGlobalSection
EndGlobal
