
Microsoft Visual Studio Solution File, Format Version 12.00
# Visual Studio 2012
Project("{D183A3D8-5FD8-494B-B014-37F57B35E655}") = "BlueBin Data Feed", "BlueBin Data Feed\BlueBin Data Feed.dtproj", "{299E3C2E-CABF-42F0-9992-E7A36EA460BC}"
EndProject
Global
	GlobalSection(SolutionConfigurationPlatforms) = preSolution
		Development|Default = Development|Default
	EndGlobalSection
	GlobalSection(ProjectConfigurationPlatforms) = postSolution
		{299E3C2E-CABF-42F0-9992-E7A36EA460BC}.Development|Default.ActiveCfg = Development
		{299E3C2E-CABF-42F0-9992-E7A36EA460BC}.Development|Default.Build.0 = Development
	EndGlobalSection
	GlobalSection(SolutionProperties) = preSolution
		HideSolutionNode = FALSE
	EndGlobalSection
EndGlobal
